
Microsoft Visual Studio Solution File, Format Version 12.00
# Visual Studio Version 17
VisualStudioVersion = 17.7.34009.444
MinimumVisualStudioVersion = 10.0.40219.1
Project("{FAE04EC0-301F-11D3-BF4B-00C04F79EFBC}") = "memoryValo", "memoryValo\memoryValo.csproj", "{36C7CC05-DD5E-427B-B4B3-1DE8D7089211}"
EndProject
Global
	GlobalSection(SolutionConfigurationPlatforms) = preSolution
		Debug|Any CPU = Debug|Any CPU
		Release|Any CPU = Release|Any CPU
	EndGlobalSection
	GlobalSection(ProjectConfigurationPlatforms) = postSolution
		{36C7CC05-DD5E-427B-B4B3-1DE8D7089211}.Debug|Any CPU.ActiveCfg = Debug|Any CPU
		{36C7CC05-DD5E-427B-B4B3-1DE8D7089211}.Debug|Any CPU.Build.0 = Debug|Any CPU
		{36C7CC05-DD5E-427B-B4B3-1DE8D7089211}.Release|Any CPU.ActiveCfg = Release|Any CPU
		{36C7CC05-DD5E-427B-B4B3-1DE8D7089211}.Release|Any CPU.Build.0 = Release|Any CPU
	EndGlobalSection
	GlobalSection(SolutionProperties) = preSolution
		HideSolutionNode = FALSE
	EndGlobalSection
	GlobalSection(ExtensibilityGlobals) = postSolution
		SolutionGuid = {413A9524-25AE-4128-9E07-097BC8953CA5}
	EndGlobalSection
EndGlobal
